
Microsoft Visual Studio Solution File, Format Version 12.00
# Visual Studio 15
VisualStudioVersion = 15.0.28302.56
MinimumVisualStudioVersion = 10.0.40219.1
Project("{FAE04EC0-301F-11D3-BF4B-00C04F79EFBC}") = "upload.service", "upload.service\upload.service.csproj", "{6F3C61FA-CA5B-4BBE-8A4C-DD152090B540}"
EndProject
Global
	GlobalSection(SolutionConfigurationPlatforms) = preSolution
		Debug|Any CPU = Debug|Any CPU
		Release|Any CPU = Release|Any CPU
	EndGlobalSection
	GlobalSection(ProjectConfigurationPlatforms) = postSolution
		{6F3C61FA-CA5B-4BBE-8A4C-DD152090B540}.Debug|Any CPU.ActiveCfg = Debug|Any CPU
		{6F3C61FA-CA5B-4BBE-8A4C-DD152090B540}.Debug|Any CPU.Build.0 = Debug|Any CPU
		{6F3C61FA-CA5B-4BBE-8A4C-DD152090B540}.Release|Any CPU.ActiveCfg = Release|Any CPU
		{6F3C61FA-CA5B-4BBE-8A4C-DD152090B540}.Release|Any CPU.Build.0 = Release|Any CPU
	EndGlobalSection
	GlobalSection(SolutionProperties) = preSolution
		HideSolutionNode = FALSE
	EndGlobalSection
	GlobalSection(ExtensibilityGlobals) = postSolution
		SolutionGuid = {CE209034-23DE-4429-A9DB-99C6B5516D16}
	EndGlobalSection
EndGlobal
